{
  "name": "@ezzacario/velzo-org",
  "version": "1.0.0",
  "lockfileVersion": 3,
  "requires": true,
  "packages": {
    "": {
      "name": "@ezzacario/velzo-org",
      "version": "1.0.0",
      "license": "ISC",
      "dependencies": {
        "velzo-org": "^1.0.0"
      },
      "devDependencies": {}
    },
    "node_modules/velzo-org": {
      "version": "1.0.0",
      "resolved": "https://registry.npmjs.org/velzo-org/-/velzo-org-1.0.0.tgz",
      "integrity": "sha512-wzGLDVjXVdZsaXhCNDLfdiaVJR3QqrQAJ9xU/f6x+lWuZwOQtocFG5BpzRiyctu25AWW51Sgb9+4gbFGipQF2w=="
    }
  }
}
